
Microsoft Visual Studio Solution File, Format Version 12.00
# Visual Studio Version 17
VisualStudioVersion = 17.5.33530.505
MinimumVisualStudioVersion = 10.0.40219.1
Project("{9A19103F-16F7-4668-BE54-9A1E7A4F7556}") = "Culturecubs.Microsite.Functions", "Culturecubs.Microsite.Functions\Culturecubs.Microsite.Functions.csproj", "{9C871553-DD97-4AF1-BBE3-A39BB13683F5}"
EndProject
Project("{9A19103F-16F7-4668-BE54-9A1E7A4F7556}") = "Culturecubs.Microsite.DataAccess", "Culturecubs.Microsite.DataAccess\Culturecubs.Microsite.DataAccess.csproj", "{E6022134-12A5-4B40-849E-7C66DB11F9A5}"
EndProject
Global
	GlobalSection(SolutionConfigurationPlatforms) = preSolution
		Debug|Any CPU = Debug|Any CPU
		Release|Any CPU = Release|Any CPU
	EndGlobalSection
	GlobalSection(ProjectConfigurationPlatforms) = postSolution
		{9C871553-DD97-4AF1-BBE3-A39BB13683F5}.Debug|Any CPU.ActiveCfg = Debug|Any CPU
		{9C871553-DD97-4AF1-BBE3-A39BB13683F5}.Debug|Any CPU.Build.0 = Debug|Any CPU
		{9C871553-DD97-4AF1-BBE3-A39BB13683F5}.Release|Any CPU.ActiveCfg = Release|Any CPU
		{9C871553-DD97-4AF1-BBE3-A39BB13683F5}.Release|Any CPU.Build.0 = Release|Any CPU
		{E6022134-12A5-4B40-849E-7C66DB11F9A5}.Debug|Any CPU.ActiveCfg = Debug|Any CPU
		{E6022134-12A5-4B40-849E-7C66DB11F9A5}.Debug|Any CPU.Build.0 = Debug|Any CPU
		{E6022134-12A5-4B40-849E-7C66DB11F9A5}.Release|Any CPU.ActiveCfg = Release|Any CPU
		{E6022134-12A5-4B40-849E-7C66DB11F9A5}.Release|Any CPU.Build.0 = Release|Any CPU
	EndGlobalSection
	GlobalSection(SolutionProperties) = preSolution
		HideSolutionNode = FALSE
	EndGlobalSection
	GlobalSection(ExtensibilityGlobals) = postSolution
		SolutionGuid = {67375429-C845-46C3-A870-7CCD99A9B3D0}
	EndGlobalSection
EndGlobal
